
Microsoft Visual Studio Solution File, Format Version 12.00
# Visual Studio 14
VisualStudioVersion = 14.0.25420.1
MinimumVisualStudioVersion = 10.0.40219.1
Project("{FAE04EC0-301F-11D3-BF4B-00C04F79EFBC}") = "DemoProjects", "DemoProjects\DemoProjects.csproj", "{933638A4-3C52-4010-979E-D2165DFE66B1}"
EndProject
Project("{FAE04EC0-301F-11D3-BF4B-00C04F79EFBC}") = "MVCEmpty", "WebApplication1\MVCEmpty.csproj", "{F60E38EF-DF0E-4BC4-B3F7-19B35195DAF7}"
EndProject
Global
	GlobalSection(SolutionConfigurationPlatforms) = preSolution
		Debug|Any CPU = Debug|Any CPU
		Release|Any CPU = Release|Any CPU
	EndGlobalSection
	GlobalSection(ProjectConfigurationPlatforms) = postSolution
		{933638A4-3C52-4010-979E-D2165DFE66B1}.Debug|Any CPU.ActiveCfg = Debug|Any CPU
		{933638A4-3C52-4010-979E-D2165DFE66B1}.Debug|Any CPU.Build.0 = Debug|Any CPU
		{933638A4-3C52-4010-979E-D2165DFE66B1}.Release|Any CPU.ActiveCfg = Release|Any CPU
		{933638A4-3C52-4010-979E-D2165DFE66B1}.Release|Any CPU.Build.0 = Release|Any CPU
		{F60E38EF-DF0E-4BC4-B3F7-19B35195DAF7}.Debug|Any CPU.ActiveCfg = Debug|Any CPU
		{F60E38EF-DF0E-4BC4-B3F7-19B35195DAF7}.Debug|Any CPU.Build.0 = Debug|Any CPU
		{F60E38EF-DF0E-4BC4-B3F7-19B35195DAF7}.Release|Any CPU.ActiveCfg = Release|Any CPU
		{F60E38EF-DF0E-4BC4-B3F7-19B35195DAF7}.Release|Any CPU.Build.0 = Release|Any CPU
	EndGlobalSection
	GlobalSection(SolutionProperties) = preSolution
		HideSolutionNode = FALSE
	EndGlobalSection
EndGlobal
